// !$*UTF8*$!
{
	archiveVersion = 1;
	classes = {
	};
	objectVersion = 55;
	objects = {

/* Begin PBXBuildFile section */
		D1186F8F274DBD0E00BCF73B /* ContentView.swift in Sources */ = {isa = PBXBuildFile; fileRef = D1186F70274DBD0C00BCF73B /* ContentView.swift */; };
		D1186F90274DBD0E00BCF73B /* Utils.swift in Sources */ = {isa = PBXBuildFile; fileRef = D1186F71274DBD0C00BCF73B /* Utils.swift */; };
		D1186F91274DBD0E00BCF73B /* MovieService.swift in Sources */ = {isa = PBXBuildFile; fileRef = D1186F73274DBD0C00BCF73B /* MovieService.swift */; };
		D1186F92274DBD0E00BCF73B /* MovieStore.swift in Sources */ = {isa = PBXBuildFile; fileRef = D1186F74274DBD0C00BCF73B /* MovieStore.swift */; };
		D1186F93274DBD0E00BCF73B /* ImageLoader.swift in Sources */ = {isa = PBXBuildFile; fileRef = D1186F76274DBD0D00BCF73B /* ImageLoader.swift */; };
		D1186F94274DBD0E00BCF73B /* MovieHomeState.swift in Sources */ = {isa = PBXBuildFile; fileRef = D1186F77274DBD0D00BCF73B /* MovieHomeState.swift */; };
		D1186F95274DBD0E00BCF73B /* MovieDetailState.swift in Sources */ = {isa = PBXBuildFile; fileRef = D1186F78274DBD0D00BCF73B /* MovieDetailState.swift */; };
		D1186F96274DBD0E00BCF73B /* MovieSearchState.swift in Sources */ = {isa = PBXBuildFile; fileRef = D1186F79274DBD0D00BCF73B /* MovieSearchState.swift */; };
		D1186F97274DBD0E00BCF73B /* MovieListState.swift in Sources */ = {isa = PBXBuildFile; fileRef = D1186F7A274DBD0D00BCF73B /* MovieListState.swift */; };
		D1186F98274DBD0E00BCF73B /* MovieSearchView.swift in Sources */ = {isa = PBXBuildFile; fileRef = D1186F7C274DBD0D00BCF73B /* MovieSearchView.swift */; };
		D1186F99274DBD0E00BCF73B /* MovieDetailView.swift in Sources */ = {isa = PBXBuildFile; fileRef = D1186F7D274DBD0D00BCF73B /* MovieDetailView.swift */; };
		D1186F9A274DBD0E00BCF73B /* RetryView.swift in Sources */ = {isa = PBXBuildFile; fileRef = D1186F7F274DBD0D00BCF73B /* RetryView.swift */; };
		D1186F9B274DBD0E00BCF73B /* DataFetchPhaseOverlayView.swift in Sources */ = {isa = PBXBuildFile; fileRef = D1186F80274DBD0D00BCF73B /* DataFetchPhaseOverlayView.swift */; };
		D1186F9C274DBD0E00BCF73B /* EmptyPlaceholderView.swift in Sources */ = {isa = PBXBuildFile; fileRef = D1186F81274DBD0D00BCF73B /* EmptyPlaceholderView.swift */; };
		D1186F9D274DBD0E00BCF73B /* MovieThumbnailView.swift in Sources */ = {isa = PBXBuildFile; fileRef = D1186F82274DBD0D00BCF73B /* MovieThumbnailView.swift */; };
		D1186F9E274DBD0E00BCF73B /* MovieThumbnailCarouselView.swift in Sources */ = {isa = PBXBuildFile; fileRef = D1186F83274DBD0D00BCF73B /* MovieThumbnailCarouselView.swift */; };
		D1186F9F274DBD0E00BCF73B /* MovieHomeView.swift in Sources */ = {isa = PBXBuildFile; fileRef = D1186F84274DBD0D00BCF73B /* MovieHomeView.swift */; };
		D1186FA0274DBD0E00BCF73B /* SafariView.swift in Sources */ = {isa = PBXBuildFile; fileRef = D1186F86274DBD0D00BCF73B /* SafariView.swift */; };
		D1186FA1274DBD0E00BCF73B /* SearchBar.swift in Sources */ = {isa = PBXBuildFile; fileRef = D1186F87274DBD0D00BCF73B /* SearchBar.swift */; };
		D1186FA2274DBD0E00BCF73B /* ActivityIndicatorView.swift in Sources */ = {isa = PBXBuildFile; fileRef = D1186F88274DBD0D00BCF73B /* ActivityIndicatorView.swift */; };
		D1186FA3274DBD0E00BCF73B /* LoadingView.swift in Sources */ = {isa = PBXBuildFile; fileRef = D1186F89274DBD0D00BCF73B /* LoadingView.swift */; };
		D1186FA4274DBD0E00BCF73B /* Movie+Stub.swift in Sources */ = {isa = PBXBuildFile; fileRef = D1186F8B274DBD0D00BCF73B /* Movie+Stub.swift */; };
		D1186FA5274DBD0E00BCF73B /* DataFetchPhase.swift in Sources */ = {isa = PBXBuildFile; fileRef = D1186F8C274DBD0D00BCF73B /* DataFetchPhase.swift */; };
		D1186FA6274DBD0E00BCF73B /* Movie.swift in Sources */ = {isa = PBXBuildFile; fileRef = D1186F8D274DBD0D00BCF73B /* Movie.swift */; };
		D1186FA7274DBD0E00BCF73B /* MovieSection.swift in Sources */ = {isa = PBXBuildFile; fileRef = D1186F8E274DBD0D00BCF73B /* MovieSection.swift */; };
		D1E056F0274D6BDE0003D9DC /* IMDBApp.swift in Sources */ = {isa = PBXBuildFile; fileRef = D1E056EF274D6BDE0003D9DC /* IMDBApp.swift */; };
		D1E056F4274D6BE90003D9DC /* Assets.xcassets in Resources */ = {isa = PBXBuildFile; fileRef = D1E056F3274D6BE90003D9DC /* Assets.xcassets */; };
		D1E056F7274D6BE90003D9DC /* Preview Assets.xcassets in Resources */ = {isa = PBXBuildFile; fileRef = D1E056F6274D6BE90003D9DC /* Preview Assets.xcassets */; };
		D1E05701274D6BEA0003D9DC /* IMDBTests.swift in Sources */ = {isa = PBXBuildFile; fileRef = D1E05700274D6BEA0003D9DC /* IMDBTests.swift */; };
		D1E0570B274D6BEA0003D9DC /* IMDBUITests.swift in Sources */ = {isa = PBXBuildFile; fileRef = D1E0570A274D6BEA0003D9DC /* IMDBUITests.swift */; };
		D1E0570D274D6BEA0003D9DC /* IMDBUITestsLaunchTests.swift in Sources */ = {isa = PBXBuildFile; fileRef = D1E0570C274D6BEA0003D9DC /* IMDBUITestsLaunchTests.swift */; };
/* End PBXBuildFile section */

/* Begin PBXContainerItemProxy section */
		D1E056FD274D6BEA0003D9DC /* PBXContainerItemProxy */ = {
			isa = PBXContainerItemProxy;
			containerPortal = D1E056E4274D6BDE0003D9DC /* Project object */;
			proxyType = 1;
			remoteGlobalIDString = D1E056EB274D6BDE0003D9DC;
			remoteInfo = IMDB;
		};
		D1E05707274D6BEA0003D9DC /* PBXContainerItemProxy */ = {
			isa = PBXContainerItemProxy;
			containerPortal = D1E056E4274D6BDE0003D9DC /* Project object */;
			proxyType = 1;
			remoteGlobalIDString = D1E056EB274D6BDE0003D9DC;
			remoteInfo = IMDB;
		};
/* End PBXContainerItemProxy section */

/* Begin PBXFileReference section */
		D1186F70274DBD0C00BCF73B /* ContentView.swift */ = {isa = PBXFileReference; fileEncoding = 4; lastKnownFileType = sourcecode.swift; path = ContentView.swift; sourceTree = "<group>"; };
		D1186F71274DBD0C00BCF73B /* Utils.swift */ = {isa = PBXFileReference; fileEncoding = 4; lastKnownFileType = sourcecode.swift; name = Utils.swift; path = "../../../Downloads/SwiftUITMDbV2-master/SwiftUI3-iOS15/Completed/SwiftUIMovieDb/Utils.swift"; sourceTree = "<group>"; };
		D1186F73274DBD0C00BCF73B /* MovieService.swift */ = {isa = PBXFileReference; fileEncoding = 4; lastKnownFileType = sourcecode.swift; path = MovieService.swift; sourceTree = "<group>"; };
		D1186F74274DBD0C00BCF73B /* MovieStore.swift */ = {isa = PBXFileReference; fileEncoding = 4; lastKnownFileType = sourcecode.swift; path = MovieStore.swift; sourceTree = "<group>"; };
		D1186F76274DBD0D00BCF73B /* ImageLoader.swift */ = {isa = PBXFileReference; fileEncoding = 4; lastKnownFileType = sourcecode.swift; path = ImageLoader.swift; sourceTree = "<group>"; };
		D1186F77274DBD0D00BCF73B /* MovieHomeState.swift */ = {isa = PBXFileReference; fileEncoding = 4; lastKnownFileType = sourcecode.swift; path = MovieHomeState.swift; sourceTree = "<group>"; };
		D1186F78274DBD0D00BCF73B /* MovieDetailState.swift */ = {isa = PBXFileReference; fileEncoding = 4; lastKnownFileType = sourcecode.swift; path = MovieDetailState.swift; sourceTree = "<group>"; };
		D1186F79274DBD0D00BCF73B /* MovieSearchState.swift */ = {isa = PBXFileReference; fileEncoding = 4; lastKnownFileType = sourcecode.swift; path = MovieSearchState.swift; sourceTree = "<group>"; };
		D1186F7A274DBD0D00BCF73B /* MovieListState.swift */ = {isa = PBXFileReference; fileEncoding = 4; lastKnownFileType = sourcecode.swift; path = MovieListState.swift; sourceTree = "<group>"; };
		D1186F7C274DBD0D00BCF73B /* MovieSearchView.swift */ = {isa = PBXFileReference; fileEncoding = 4; lastKnownFileType = sourcecode.swift; path = MovieSearchView.swift; sourceTree = "<group>"; };
		D1186F7D274DBD0D00BCF73B /* MovieDetailView.swift */ = {isa = PBXFileReference; fileEncoding = 4; lastKnownFileType = sourcecode.swift; path = MovieDetailView.swift; sourceTree = "<group>"; };
		D1186F7F274DBD0D00BCF73B /* RetryView.swift */ = {isa = PBXFileReference; fileEncoding = 4; lastKnownFileType = sourcecode.swift; path = RetryView.swift; sourceTree = "<group>"; };
		D1186F80274DBD0D00BCF73B /* DataFetchPhaseOverlayView.swift */ = {isa = PBXFileReference; fileEncoding = 4; lastKnownFileType = sourcecode.swift; path = DataFetchPhaseOverlayView.swift; sourceTree = "<group>"; };
		D1186F81274DBD0D00BCF73B /* EmptyPlaceholderView.swift */ = {isa = PBXFileReference; fileEncoding = 4; lastKnownFileType = sourcecode.swift; path = EmptyPlaceholderView.swift; sourceTree = "<group>"; };
		D1186F82274DBD0D00BCF73B /* MovieThumbnailView.swift */ = {isa = PBXFileReference; fileEncoding = 4; lastKnownFileType = sourcecode.swift; path = MovieThumbnailView.swift; sourceTree = "<group>"; };
		D1186F83274DBD0D00BCF73B /* MovieThumbnailCarouselView.swift */ = {isa = PBXFileReference; fileEncoding = 4; lastKnownFileType = sourcecode.swift; path = MovieThumbnailCarouselView.swift; sourceTree = "<group>"; };
		D1186F84274DBD0D00BCF73B /* MovieHomeView.swift */ = {isa = PBXFileReference; fileEncoding = 4; lastKnownFileType = sourcecode.swift; path = MovieHomeView.swift; sourceTree = "<group>"; };
		D1186F86274DBD0D00BCF73B /* SafariView.swift */ = {isa = PBXFileReference; fileEncoding = 4; lastKnownFileType = sourcecode.swift; path = SafariView.swift; sourceTree = "<group>"; };
		D1186F87274DBD0D00BCF73B /* SearchBar.swift */ = {isa = PBXFileReference; fileEncoding = 4; lastKnownFileType = sourcecode.swift; path = SearchBar.swift; sourceTree = "<group>"; };
		D1186F88274DBD0D00BCF73B /* ActivityIndicatorView.swift */ = {isa = PBXFileReference; fileEncoding = 4; lastKnownFileType = sourcecode.swift; path = ActivityIndicatorView.swift; sourceTree = "<group>"; };
		D1186F89274DBD0D00BCF73B /* LoadingView.swift */ = {isa = PBXFileReference; fileEncoding = 4; lastKnownFileType = sourcecode.swift; path = LoadingView.swift; sourceTree = "<group>"; };
		D1186F8B274DBD0D00BCF73B /* Movie+Stub.swift */ = {isa = PBXFileReference; fileEncoding = 4; lastKnownFileType = sourcecode.swift; path = "Movie+Stub.swift"; sourceTree = "<group>"; };
		D1186F8C274DBD0D00BCF73B /* DataFetchPhase.swift */ = {isa = PBXFileReference; fileEncoding = 4; lastKnownFileType = sourcecode.swift; path = DataFetchPhase.swift; sourceTree = "<group>"; };
		D1186F8D274DBD0D00BCF73B /* Movie.swift */ = {isa = PBXFileReference; fileEncoding = 4; lastKnownFileType = sourcecode.swift; path = Movie.swift; sourceTree = "<group>"; };
		D1186F8E274DBD0D00BCF73B /* MovieSection.swift */ = {isa = PBXFileReference; fileEncoding = 4; lastKnownFileType = sourcecode.swift; path = MovieSection.swift; sourceTree = "<group>"; };
		D1E056EC274D6BDE0003D9DC /* IMDB.app */ = {isa = PBXFileReference; explicitFileType = wrapper.application; includeInIndex = 0; path = IMDB.app; sourceTree = BUILT_PRODUCTS_DIR; };
		D1E056EF274D6BDE0003D9DC /* IMDBApp.swift */ = {isa = PBXFileReference; lastKnownFileType = sourcecode.swift; path = IMDBApp.swift; sourceTree = "<group>"; };
		D1E056F3274D6BE90003D9DC /* Assets.xcassets */ = {isa = PBXFileReference; lastKnownFileType = folder.assetcatalog; path = Assets.xcassets; sourceTree = "<group>"; };
		D1E056F6274D6BE90003D9DC /* Preview Assets.xcassets */ = {isa = PBXFileReference; lastKnownFileType = folder.assetcatalog; path = "Preview Assets.xcassets"; sourceTree = "<group>"; };
		D1E056FC274D6BEA0003D9DC /* IMDBTests.xctest */ = {isa = PBXFileReference; explicitFileType = wrapper.cfbundle; includeInIndex = 0; path = IMDBTests.xctest; sourceTree = BUILT_PRODUCTS_DIR; };
		D1E05700274D6BEA0003D9DC /* IMDBTests.swift */ = {isa = PBXFileReference; lastKnownFileType = sourcecode.swift; path = IMDBTests.swift; sourceTree = "<group>"; };
		D1E05706274D6BEA0003D9DC /* IMDBUITests.xctest */ = {isa = PBXFileReference; explicitFileType = wrapper.cfbundle; includeInIndex = 0; path = IMDBUITests.xctest; sourceTree = BUILT_PRODUCTS_DIR; };
		D1E0570A274D6BEA0003D9DC /* IMDBUITests.swift */ = {isa = PBXFileReference; lastKnownFileType = sourcecode.swift; path = IMDBUITests.swift; sourceTree = "<group>"; };
		D1E0570C274D6BEA0003D9DC /* IMDBUITestsLaunchTests.swift */ = {isa = PBXFileReference; lastKnownFileType = sourcecode.swift; path = IMDBUITestsLaunchTests.swift; sourceTree = "<group>"; };
/* End PBXFileReference section */

/* Begin PBXFrameworksBuildPhase section */
		D1E056E9274D6BDE0003D9DC /* Frameworks */ = {
			isa = PBXFrameworksBuildPhase;
			buildActionMask = 2147483647;
			files = (
			);
			runOnlyForDeploymentPostprocessing = 0;
		};
		D1E056F9274D6BEA0003D9DC /* Frameworks */ = {
			isa = PBXFrameworksBuildPhase;
			buildActionMask = 2147483647;
			files = (
			);
			runOnlyForDeploymentPostprocessing = 0;
		};
		D1E05703274D6BEA0003D9DC /* Frameworks */ = {
			isa = PBXFrameworksBuildPhase;
			buildActionMask = 2147483647;
			files = (
			);
			runOnlyForDeploymentPostprocessing = 0;
		};
/* End PBXFrameworksBuildPhase section */

/* Begin PBXGroup section */
		D1186F72274DBD0C00BCF73B /* Services */ = {
			isa = PBXGroup;
			children = (
				D1186F73274DBD0C00BCF73B /* MovieService.swift */,
				D1186F74274DBD0C00BCF73B /* MovieStore.swift */,
			);
			path = Services;
			sourceTree = "<group>";
		};
		D1186F75274DBD0D00BCF73B /* Bindings */ = {
			isa = PBXGroup;
			children = (
				D1186F76274DBD0D00BCF73B /* ImageLoader.swift */,
				D1186F77274DBD0D00BCF73B /* MovieHomeState.swift */,
				D1186F78274DBD0D00BCF73B /* MovieDetailState.swift */,
				D1186F79274DBD0D00BCF73B /* MovieSearchState.swift */,
				D1186F7A274DBD0D00BCF73B /* MovieListState.swift */,
			);
			path = Bindings;
			sourceTree = "<group>";
		};
		D1186F7B274DBD0D00BCF73B /* Views */ = {
			isa = PBXGroup;
			children = (
				D1186F7C274DBD0D00BCF73B /* MovieSearchView.swift */,
				D1186F7D274DBD0D00BCF73B /* MovieDetailView.swift */,
				D1186F7E274DBD0D00BCF73B /* Overlay Views */,
				D1186F82274DBD0D00BCF73B /* MovieThumbnailView.swift */,
				D1186F83274DBD0D00BCF73B /* MovieThumbnailCarouselView.swift */,
				D1186F84274DBD0D00BCF73B /* MovieHomeView.swift */,
				D1186F85274DBD0D00BCF73B /* UIKitViews */,
				D1186F89274DBD0D00BCF73B /* LoadingView.swift */,
			);
			path = Views;
			sourceTree = "<group>";
		};
		D1186F7E274DBD0D00BCF73B /* Overlay Views */ = {
			isa = PBXGroup;
			children = (
				D1186F7F274DBD0D00BCF73B /* RetryView.swift */,
				D1186F80274DBD0D00BCF73B /* DataFetchPhaseOverlayView.swift */,
				D1186F81274DBD0D00BCF73B /* EmptyPlaceholderView.swift */,
			);
			path = "Overlay Views";
			sourceTree = "<group>";
		};
		D1186F85274DBD0D00BCF73B /* UIKitViews */ = {
			isa = PBXGroup;
			children = (
				D1186F86274DBD0D00BCF73B /* SafariView.swift */,
				D1186F87274DBD0D00BCF73B /* SearchBar.swift */,
				D1186F88274DBD0D00BCF73B /* ActivityIndicatorView.swift */,
			);
			path = UIKitViews;
			sourceTree = "<group>";
		};
		D1186F8A274DBD0D00BCF73B /* Models */ = {
			isa = PBXGroup;
			children = (
				D1186F8B274DBD0D00BCF73B /* Movie+Stub.swift */,
				D1186F8C274DBD0D00BCF73B /* DataFetchPhase.swift */,
				D1186F8D274DBD0D00BCF73B /* Movie.swift */,
				D1186F8E274DBD0D00BCF73B /* MovieSection.swift */,
			);
			path = Models;
			sourceTree = "<group>";
		};
		D1E056E3274D6BDD0003D9DC = {
			isa = PBXGroup;
			children = (
				D1E056EE274D6BDE0003D9DC /* IMDB */,
				D1E056FF274D6BEA0003D9DC /* IMDBTests */,
				D1E05709274D6BEA0003D9DC /* IMDBUITests */,
				D1E056ED274D6BDE0003D9DC /* Products */,
			);
			sourceTree = "<group>";
		};
		D1E056ED274D6BDE0003D9DC /* Products */ = {
			isa = PBXGroup;
			children = (
				D1E056EC274D6BDE0003D9DC /* IMDB.app */,
				D1E056FC274D6BEA0003D9DC /* IMDBTests.xctest */,
				D1E05706274D6BEA0003D9DC /* IMDBUITests.xctest */,
			);
			name = Products;
			sourceTree = "<group>";
		};
		D1E056EE274D6BDE0003D9DC /* IMDB */ = {
			isa = PBXGroup;
			children = (
				D1186F75274DBD0D00BCF73B /* Bindings */,
				D1186F70274DBD0C00BCF73B /* ContentView.swift */,
				D1186F8A274DBD0D00BCF73B /* Models */,
				D1186F72274DBD0C00BCF73B /* Services */,
				D1186F71274DBD0C00BCF73B /* Utils.swift */,
				D1186F7B274DBD0D00BCF73B /* Views */,
				D1E056EF274D6BDE0003D9DC /* IMDBApp.swift */,
				D1E056F3274D6BE90003D9DC /* Assets.xcassets */,
				D1E056F5274D6BE90003D9DC /* Preview Content */,
			);
			path = IMDB;
			sourceTree = "<group>";
		};
		D1E056F5274D6BE90003D9DC /* Preview Content */ = {
			isa = PBXGroup;
			children = (
				D1E056F6274D6BE90003D9DC /* Preview Assets.xcassets */,
			);
			path = "Preview Content";
			sourceTree = "<group>";
		};
		D1E056FF274D6BEA0003D9DC /* IMDBTests */ = {
			isa = PBXGroup;
			children = (
				D1E05700274D6BEA0003D9DC /* IMDBTests.swift */,
			);
			path = IMDBTests;
			sourceTree = "<group>";
		};
		D1E05709274D6BEA0003D9DC /* IMDBUITests */ = {
			isa = PBXGroup;
			children = (
				D1E0570A274D6BEA0003D9DC /* IMDBUITests.swift */,
				D1E0570C274D6BEA0003D9DC /* IMDBUITestsLaunchTests.swift */,
			);
			path = IMDBUITests;
			sourceTree = "<group>";
		};
/* End PBXGroup section */

/* Begin PBXNativeTarget section */
		D1E056EB274D6BDE0003D9DC /* IMDB */ = {
			isa = PBXNativeTarget;
			buildConfigurationList = D1E05710274D6BEA0003D9DC /* Build configuration list for PBXNativeTarget "IMDB" */;
			buildPhases = (
				D1E056E8274D6BDE0003D9DC /* Sources */,
				D1E056E9274D6BDE0003D9DC /* Frameworks */,
				D1E056EA274D6BDE0003D9DC /* Resources */,
			);
			buildRules = (
			);
			dependencies = (
			);
			name = IMDB;
			productName = IMDB;
			productReference = D1E056EC274D6BDE0003D9DC /* IMDB.app */;
			productType = "com.apple.product-type.application";
		};
		D1E056FB274D6BEA0003D9DC /* IMDBTests */ = {
			isa = PBXNativeTarget;
			buildConfigurationList = D1E05713274D6BEA0003D9DC /* Build configuration list for PBXNativeTarget "IMDBTests" */;
			buildPhases = (
				D1E056F8274D6BEA0003D9DC /* Sources */,
				D1E056F9274D6BEA0003D9DC /* Frameworks */,
				D1E056FA274D6BEA0003D9DC /* Resources */,
			);
			buildRules = (
			);
			dependencies = (
				D1E056FE274D6BEA0003D9DC /* PBXTargetDependency */,
			);
			name = IMDBTests;
			productName = IMDBTests;
			productReference = D1E056FC274D6BEA0003D9DC /* IMDBTests.xctest */;
			productType = "com.apple.product-type.bundle.unit-test";
		};
		D1E05705274D6BEA0003D9DC /* IMDBUITests */ = {
			isa = PBXNativeTarget;
			buildConfigurationList = D1E05716274D6BEA0003D9DC /* Build configuration list for PBXNativeTarget "IMDBUITests" */;
			buildPhases = (
				D1E05702274D6BEA0003D9DC /* Sources */,
				D1E05703274D6BEA0003D9DC /* Frameworks */,
				D1E05704274D6BEA0003D9DC /* Resources */,
			);
			buildRules = (
			);
			dependencies = (
				D1E05708274D6BEA0003D9DC /* PBXTargetDependency */,
			);
			name = IMDBUITests;
			productName = IMDBUITests;
			productReference = D1E05706274D6BEA0003D9DC /* IMDBUITests.xctest */;
			productType = "com.apple.product-type.bundle.ui-testing";
		};
/* End PBXNativeTarget section */

/* Begin PBXProject section */
		D1E056E4274D6BDE0003D9DC /* Project object */ = {
			isa = PBXProject;
			attributes = {
				BuildIndependentTargetsInParallel = 1;
				LastSwiftUpdateCheck = 1310;
				LastUpgradeCheck = 1310;
				TargetAttributes = {
					D1E056EB274D6BDE0003D9DC = {
						CreatedOnToolsVersion = 13.1;
					};
					D1E056FB274D6BEA0003D9DC = {
						CreatedOnToolsVersion = 13.1;
						TestTargetID = D1E056EB274D6BDE0003D9DC;
					};
					D1E05705274D6BEA0003D9DC = {
						CreatedOnToolsVersion = 13.1;
						TestTargetID = D1E056EB274D6BDE0003D9DC;
					};
				};
			};
			buildConfigurationList = D1E056E7274D6BDE0003D9DC /* Build configuration list for PBXProject "IMDB" */;
			compatibilityVersion = "Xcode 13.0";
			developmentRegion = en;
			hasScannedForEncodings = 0;
			knownRegions = (
				en,
				Base,
			);
			mainGroup = D1E056E3274D6BDD0003D9DC;
			productRefGroup = D1E056ED274D6BDE0003D9DC /* Products */;
			projectDirPath = "";
			projectRoot = "";
			targets = (
				D1E056EB274D6BDE0003D9DC /* IMDB */,
				D1E056FB274D6BEA0003D9DC /* IMDBTests */,
				D1E05705274D6BEA0003D9DC /* IMDBUITests */,
			);
		};
/* End PBXProject section */

/* Begin PBXResourcesBuildPhase section */
		D1E056EA274D6BDE0003D9DC /* Resources */ = {
			isa = PBXResourcesBuildPhase;
			buildActionMask = 2147483647;
			files = (
				D1E056F7274D6BE90003D9DC /* Preview Assets.xcassets in Resources */,
				D1E056F4274D6BE90003D9DC /* Assets.xcassets in Resources */,
			);
			runOnlyForDeploymentPostprocessing = 0;
		};
		D1E056FA274D6BEA0003D9DC /* Resources */ = {
			isa = PBXResourcesBuildPhase;
			buildActionMask = 2147483647;
			files = (
			);
			runOnlyForDeploymentPostprocessing = 0;
		};
		D1E05704274D6BEA0003D9DC /* Resources */ = {
			isa = PBXResourcesBuildPhase;
			buildActionMask = 2147483647;
			files = (
			);
			runOnlyForDeploymentPostprocessing = 0;
		};
/* End PBXResourcesBuildPhase section */

/* Begin PBXSourcesBuildPhase section */
		D1E056E8274D6BDE0003D9DC /* Sources */ = {
			isa = PBXSourcesBuildPhase;
			buildActionMask = 2147483647;
			files = (
				D1186F97274DBD0E00BCF73B /* MovieListState.swift in Sources */,
				D1186F93274DBD0E00BCF73B /* ImageLoader.swift in Sources */,
				D1186F9C274DBD0E00BCF73B /* EmptyPlaceholderView.swift in Sources */,
				D1186F9D274DBD0E00BCF73B /* MovieThumbnailView.swift in Sources */,
				D1186FA0274DBD0E00BCF73B /* SafariView.swift in Sources */,
				D1186F94274DBD0E00BCF73B /* MovieHomeState.swift in Sources */,
				D1186F9A274DBD0E00BCF73B /* RetryView.swift in Sources */,
				D1186F96274DBD0E00BCF73B /* MovieSearchState.swift in Sources */,
				D1186FA6274DBD0E00BCF73B /* Movie.swift in Sources */,
				D1186F9F274DBD0E00BCF73B /* MovieHomeView.swift in Sources */,
				D1E056F0274D6BDE0003D9DC /* IMDBApp.swift in Sources */,
				D1186F95274DBD0E00BCF73B /* MovieDetailState.swift in Sources */,
				D1186FA4274DBD0E00BCF73B /* Movie+Stub.swift in Sources */,
				D1186F99274DBD0E00BCF73B /* MovieDetailView.swift in Sources */,
				D1186F8F274DBD0E00BCF73B /* ContentView.swift in Sources */,
				D1186FA1274DBD0E00BCF73B /* SearchBar.swift in Sources */,
				D1186F9E274DBD0E00BCF73B /* MovieThumbnailCarouselView.swift in Sources */,
				D1186F9B274DBD0E00BCF73B /* DataFetchPhaseOverlayView.swift in Sources */,
				D1186FA2274DBD0E00BCF73B /* ActivityIndicatorView.swift in Sources */,
				D1186FA7274DBD0E00BCF73B /* MovieSection.swift in Sources */,
				D1186F90274DBD0E00BCF73B /* Utils.swift in Sources */,
				D1186FA5274DBD0E00BCF73B /* DataFetchPhase.swift in Sources */,
				D1186F98274DBD0E00BCF73B /* MovieSearchView.swift in Sources */,
				D1186F92274DBD0E00BCF73B /* MovieStore.swift in Sources */,
				D1186F91274DBD0E00BCF73B /* MovieService.swift in Sources */,
				D1186FA3274DBD0E00BCF73B /* LoadingView.swift in Sources */,
			);
			runOnlyForDeploymentPostprocessing = 0;
		};
		D1E056F8274D6BEA0003D9DC /* Sources */ = {
			isa = PBXSourcesBuildPhase;
			buildActionMask = 2147483647;
			files = (
				D1E05701274D6BEA0003D9DC /* IMDBTests.swift in Sources */,
			);
			runOnlyForDeploymentPostprocessing = 0;
		};
		D1E05702274D6BEA0003D9DC /* Sources */ = {
			isa = PBXSourcesBuildPhase;
			buildActionMask = 2147483647;
			files = (
				D1E0570D274D6BEA0003D9DC /* IMDBUITestsLaunchTests.swift in Sources */,
				D1E0570B274D6BEA0003D9DC /* IMDBUITests.swift in Sources */,
			);
			runOnlyForDeploymentPostprocessing = 0;
		};
/* End PBXSourcesBuildPhase section */

/* Begin PBXTargetDependency section */
		D1E056FE274D6BEA0003D9DC /* PBXTargetDependency */ = {
			isa = PBXTargetDependency;
			target = D1E056EB274D6BDE0003D9DC /* IMDB */;
			targetProxy = D1E056FD274D6BEA0003D9DC /* PBXContainerItemProxy */;
		};
		D1E05708274D6BEA0003D9DC /* PBXTargetDependency */ = {
			isa = PBXTargetDependency;
			target = D1E056EB274D6BDE0003D9DC /* IMDB */;
			targetProxy = D1E05707274D6BEA0003D9DC /* PBXContainerItemProxy */;
		};
/* End PBXTargetDependency section */

/* Begin XCBuildConfiguration section */
		D1E0570E274D6BEA0003D9DC /* Debug */ = {
			isa = XCBuildConfiguration;
			buildSettings = {
				ALWAYS_SEARCH_USER_PATHS = NO;
				CLANG_ANALYZER_NONNULL = YES;
				CLANG_ANALYZER_NUMBER_OBJECT_CONVERSION = YES_AGGRESSIVE;
				CLANG_CXX_LANGUAGE_STANDARD = "gnu++17";
				CLANG_CXX_LIBRARY = "libc++";
				CLANG_ENABLE_MODULES = YES;
				CLANG_ENABLE_OBJC_ARC = YES;
				CLANG_ENABLE_OBJC_WEAK = YES;
				CLANG_WARN_BLOCK_CAPTURE_AUTORELEASING = YES;
				CLANG_WARN_BOOL_CONVERSION = YES;
				CLANG_WARN_COMMA = YES;
				CLANG_WARN_CONSTANT_CONVERSION = YES;
				CLANG_WARN_DEPRECATED_OBJC_IMPLEMENTATIONS = YES;
				CLANG_WARN_DIRECT_OBJC_ISA_USAGE = YES_ERROR;
				CLANG_WARN_DOCUMENTATION_COMMENTS = YES;
				CLANG_WARN_EMPTY_BODY = YES;
				CLANG_WARN_ENUM_CONVERSION = YES;
				CLANG_WARN_INFINITE_RECURSION = YES;
				CLANG_WARN_INT_CONVERSION = YES;
				CLANG_WARN_NON_LITERAL_NULL_CONVERSION = YES;
				CLANG_WARN_OBJC_IMPLICIT_RETAIN_SELF = YES;
				CLANG_WARN_OBJC_LITERAL_CONVERSION = YES;
				CLANG_WARN_OBJC_ROOT_CLASS = YES_ERROR;
				CLANG_WARN_QUOTED_INCLUDE_IN_FRAMEWORK_HEADER = YES;
				CLANG_WARN_RANGE_LOOP_ANALYSIS = YES;
				CLANG_WARN_STRICT_PROTOTYPES = YES;
				CLANG_WARN_SUSPICIOUS_MOVE = YES;
				CLANG_WARN_UNGUARDED_AVAILABILITY = YES_AGGRESSIVE;
				CLANG_WARN_UNREACHABLE_CODE = YES;
				CLANG_WARN__DUPLICATE_METHOD_MATCH = YES;
				COPY_PHASE_STRIP = NO;
				DEBUG_INFORMATION_FORMAT = dwarf;
				ENABLE_STRICT_OBJC_MSGSEND = YES;
				ENABLE_TESTABILITY = YES;
				GCC_C_LANGUAGE_STANDARD = gnu11;
				GCC_DYNAMIC_NO_PIC = NO;
				GCC_NO_COMMON_BLOCKS = YES;
				GCC_OPTIMIZATION_LEVEL = 0;
				GCC_PREPROCESSOR_DEFINITIONS = (
					"DEBUG=1",
					"$(inherited)",
				);
				GCC_WARN_64_TO_32_BIT_CONVERSION = YES;
				GCC_WARN_ABOUT_RETURN_TYPE = YES_ERROR;
				GCC_WARN_UNDECLARED_SELECTOR = YES;
				GCC_WARN_UNINITIALIZED_AUTOS = YES_AGGRESSIVE;
				GCC_WARN_UNUSED_FUNCTION = YES;
				GCC_WARN_UNUSED_VARIABLE = YES;
				IPHONEOS_DEPLOYMENT_TARGET = 15.0;
				MTL_ENABLE_DEBUG_INFO = INCLUDE_SOURCE;
				MTL_FAST_MATH = YES;
				ONLY_ACTIVE_ARCH = YES;
				SDKROOT = iphoneos;
				SWIFT_ACTIVE_COMPILATION_CONDITIONS = DEBUG;
				SWIFT_OPTIMIZATION_LEVEL = "-Onone";
			};
			name = Debug;
		};
		D1E0570F274D6BEA0003D9DC /* Release */ = {
			isa = XCBuildConfiguration;
			buildSettings = {
				ALWAYS_SEARCH_USER_PATHS = NO;
				CLANG_ANALYZER_NONNULL = YES;
				CLANG_ANALYZER_NUMBER_OBJECT_CONVERSION = YES_AGGRESSIVE;
				CLANG_CXX_LANGUAGE_STANDARD = "gnu++17";
				CLANG_CXX_LIBRARY = "libc++";
				CLANG_ENABLE_MODULES = YES;
				CLANG_ENABLE_OBJC_ARC = YES;
				CLANG_ENABLE_OBJC_WEAK = YES;
				CLANG_WARN_BLOCK_CAPTURE_AUTORELEASING = YES;
				CLANG_WARN_BOOL_CONVERSION = YES;
				CLANG_WARN_COMMA = YES;
				CLANG_WARN_CONSTANT_CONVERSION = YES;
				CLANG_WARN_DEPRECATED_OBJC_IMPLEMENTATIONS = YES;
				CLANG_WARN_DIRECT_OBJC_ISA_USAGE = YES_ERROR;
				CLANG_WARN_DOCUMENTATION_COMMENTS = YES;
				CLANG_WARN_EMPTY_BODY = YES;
				CLANG_WARN_ENUM_CONVERSION = YES;
				CLANG_WARN_INFINITE_RECURSION = YES;
				CLANG_WARN_INT_CONVERSION = YES;
				CLANG_WARN_NON_LITERAL_NULL_CONVERSION = YES;
				CLANG_WARN_OBJC_IMPLICIT_RETAIN_SELF = YES;
				CLANG_WARN_OBJC_LITERAL_CONVERSION = YES;
				CLANG_WARN_OBJC_ROOT_CLASS = YES_ERROR;
				CLANG_WARN_QUOTED_INCLUDE_IN_FRAMEWORK_HEADER = YES;
				CLANG_WARN_RANGE_LOOP_ANALYSIS = YES;
				CLANG_WARN_STRICT_PROTOTYPES = YES;
				CLANG_WARN_SUSPICIOUS_MOVE = YES;
				CLANG_WARN_UNGUARDED_AVAILABILITY = YES_AGGRESSIVE;
				CLANG_WARN_UNREACHABLE_CODE = YES;
				CLANG_WARN__DUPLICATE_METHOD_MATCH = YES;
				COPY_PHASE_STRIP = NO;
				DEBUG_INFORMATION_FORMAT = "dwarf-with-dsym";
				ENABLE_NS_ASSERTIONS = NO;
				ENABLE_STRICT_OBJC_MSGSEND = YES;
				GCC_C_LANGUAGE_STANDARD = gnu11;
				GCC_NO_COMMON_BLOCKS = YES;
				GCC_WARN_64_TO_32_BIT_CONVERSION = YES;
				GCC_WARN_ABOUT_RETURN_TYPE = YES_ERROR;
				GCC_WARN_UNDECLARED_SELECTOR = YES;
				GCC_WARN_UNINITIALIZED_AUTOS = YES_AGGRESSIVE;
				GCC_WARN_UNUSED_FUNCTION = YES;
				GCC_WARN_UNUSED_VARIABLE = YES;
				IPHONEOS_DEPLOYMENT_TARGET = 15.0;
				MTL_ENABLE_DEBUG_INFO = NO;
				MTL_FAST_MATH = YES;
				SDKROOT = iphoneos;
				SWIFT_COMPILATION_MODE = wholemodule;
				SWIFT_OPTIMIZATION_LEVEL = "-O";
				VALIDATE_PRODUCT = YES;
			};
			name = Release;
		};
		D1E05711274D6BEA0003D9DC /* Debug */ = {
			isa = XCBuildConfiguration;
			buildSettings = {
				ASSETCATALOG_COMPILER_APPICON_NAME = AppIcon;
				ASSETCATALOG_COMPILER_GLOBAL_ACCENT_COLOR_NAME = AccentColor;
				CODE_SIGN_STYLE = Automatic;
				CURRENT_PROJECT_VERSION = 1;
				DEVELOPMENT_ASSET_PATHS = "\"IMDB/Preview Content\"";
				DEVELOPMENT_TEAM = 65B5XH7T8L;
				ENABLE_PREVIEWS = YES;
				GENERATE_INFOPLIST_FILE = YES;
				INFOPLIST_KEY_UIApplicationSceneManifest_Generation = YES;
				INFOPLIST_KEY_UIApplicationSupportsIndirectInputEvents = YES;
				INFOPLIST_KEY_UILaunchScreen_Generation = YES;
				INFOPLIST_KEY_UISupportedInterfaceOrientations_iPad = "UIInterfaceOrientationPortrait UIInterfaceOrientationPortraitUpsideDown UIInterfaceOrientationLandscapeLeft UIInterfaceOrientationLandscapeRight";
				INFOPLIST_KEY_UISupportedInterfaceOrientations_iPhone = "UIInterfaceOrientationPortrait UIInterfaceOrientationLandscapeLeft UIInterfaceOrientationLandscapeRight";
				LD_RUNPATH_SEARCH_PATHS = (
					"$(inherited)",
					"@executable_path/Frameworks",
				);
				MARKETING_VERSION = 1.0;
				PRODUCT_BUNDLE_IDENTIFIER = com.lorenagama.imdb.IMDB;
				PRODUCT_NAME = "$(TARGET_NAME)";
				SWIFT_EMIT_LOC_STRINGS = YES;
				SWIFT_VERSION = 5.0;
				TARGETED_DEVICE_FAMILY = "1,2";
			};
			name = Debug;
		};
		D1E05712274D6BEA0003D9DC /* Release */ = {
			isa = XCBuildConfiguration;
			buildSettings = {
				ASSETCATALOG_COMPILER_APPICON_NAME = AppIcon;
				ASSETCATALOG_COMPILER_GLOBAL_ACCENT_COLOR_NAME = AccentColor;
				CODE_SIGN_STYLE = Automatic;
				CURRENT_PROJECT_VERSION = 1;
				DEVELOPMENT_ASSET_PATHS = "\"IMDB/Preview Content\"";
				DEVELOPMENT_TEAM = 65B5XH7T8L;
				ENABLE_PREVIEWS = YES;
				GENERATE_INFOPLIST_FILE = YES;
				INFOPLIST_KEY_UIApplicationSceneManifest_Generation = YES;
				INFOPLIST_KEY_UIApplicationSupportsIndirectInputEvents = YES;
				INFOPLIST_KEY_UILaunchScreen_Generation = YES;
				INFOPLIST_KEY_UISupportedInterfaceOrientations_iPad = "UIInterfaceOrientationPortrait UIInterfaceOrientationPortraitUpsideDown UIInterfaceOrientationLandscapeLeft UIInterfaceOrientationLandscapeRight";
				INFOPLIST_KEY_UISupportedInterfaceOrientations_iPhone = "UIInterfaceOrientationPortrait UIInterfaceOrientationLandscapeLeft UIInterfaceOrientationLandscapeRight";
				LD_RUNPATH_SEARCH_PATHS = (
					"$(inherited)",
					"@executable_path/Frameworks",
				);
				MARKETING_VERSION = 1.0;
				PRODUCT_BUNDLE_IDENTIFIER = com.lorenagama.imdb.IMDB;
				PRODUCT_NAME = "$(TARGET_NAME)";
				SWIFT_EMIT_LOC_STRINGS = YES;
				SWIFT_VERSION = 5.0;
				TARGETED_DEVICE_FAMILY = "1,2";
			};
			name = Release;
		};
		D1E05714274D6BEA0003D9DC /* Debug */ = {
			isa = XCBuildConfiguration;
			buildSettings = {
				ALWAYS_EMBED_SWIFT_STANDARD_LIBRARIES = YES;
				BUNDLE_LOADER = "$(TEST_HOST)";
				CODE_SIGN_STYLE = Automatic;
				CURRENT_PROJECT_VERSION = 1;
				DEVELOPMENT_TEAM = 65B5XH7T8L;
				GENERATE_INFOPLIST_FILE = YES;
				IPHONEOS_DEPLOYMENT_TARGET = 15.0;
				LD_RUNPATH_SEARCH_PATHS = (
					"$(inherited)",
					"@executable_path/Frameworks",
					"@loader_path/Frameworks",
				);
				MARKETING_VERSION = 1.0;
				PRODUCT_BUNDLE_IDENTIFIER = com.lorenagama.imdb.IMDBTests;
				PRODUCT_NAME = "$(TARGET_NAME)";
				SWIFT_EMIT_LOC_STRINGS = NO;
				SWIFT_VERSION = 5.0;
				TARGETED_DEVICE_FAMILY = "1,2";
				TEST_HOST = "$(BUILT_PRODUCTS_DIR)/IMDB.app/IMDB";
			};
			name = Debug;
		};
		D1E05715274D6BEA0003D9DC /* Release */ = {
			isa = XCBuildConfiguration;
			buildSettings = {
				ALWAYS_EMBED_SWIFT_STANDARD_LIBRARIES = YES;
				BUNDLE_LOADER = "$(TEST_HOST)";
				CODE_SIGN_STYLE = Automatic;
				CURRENT_PROJECT_VERSION = 1;
				DEVELOPMENT_TEAM = 65B5XH7T8L;
				GENERATE_INFOPLIST_FILE = YES;
				IPHONEOS_DEPLOYMENT_TARGET = 15.0;
				LD_RUNPATH_SEARCH_PATHS = (
					"$(inherited)",
					"@executable_path/Frameworks",
					"@loader_path/Frameworks",
				);
				MARKETING_VERSION = 1.0;
				PRODUCT_BUNDLE_IDENTIFIER = com.lorenagama.imdb.IMDBTests;
				PRODUCT_NAME = "$(TARGET_NAME)";
				SWIFT_EMIT_LOC_STRINGS = NO;
				SWIFT_VERSION = 5.0;
				TARGETED_DEVICE_FAMILY = "1,2";
				TEST_HOST = "$(BUILT_PRODUCTS_DIR)/IMDB.app/IMDB";
			};
			name = Release;
		};
		D1E05717274D6BEA0003D9DC /* Debug */ = {
			isa = XCBuildConfiguration;
			buildSettings = {
				ALWAYS_EMBED_SWIFT_STANDARD_LIBRARIES = YES;
				CODE_SIGN_STYLE = Automatic;
				CURRENT_PROJECT_VERSION = 1;
				DEVELOPMENT_TEAM = 65B5XH7T8L;
				GENERATE_INFOPLIST_FILE = YES;
				LD_RUNPATH_SEARCH_PATHS = (
					"$(inherited)",
					"@executable_path/Frameworks",
					"@loader_path/Frameworks",
				);
				MARKETING_VERSION = 1.0;
				PRODUCT_BUNDLE_IDENTIFIER = com.lorenagama.imdb.IMDBUITests;
				PRODUCT_NAME = "$(TARGET_NAME)";
				SWIFT_EMIT_LOC_STRINGS = NO;
				SWIFT_VERSION = 5.0;
				TARGETED_DEVICE_FAMILY = "1,2";
				TEST_TARGET_NAME = IMDB;
			};
			name = Debug;
		};
		D1E05718274D6BEA0003D9DC /* Release */ = {
			isa = XCBuildConfiguration;
			buildSettings = {
				ALWAYS_EMBED_SWIFT_STANDARD_LIBRARIES = YES;
				CODE_SIGN_STYLE = Automatic;
				CURRENT_PROJECT_VERSION = 1;
				DEVELOPMENT_TEAM = 65B5XH7T8L;
				GENERATE_INFOPLIST_FILE = YES;
				LD_RUNPATH_SEARCH_PATHS = (
					"$(inherited)",
					"@executable_path/Frameworks",
					"@loader_path/Frameworks",
				);
				MARKETING_VERSION = 1.0;
				PRODUCT_BUNDLE_IDENTIFIER = com.lorenagama.imdb.IMDBUITests;
				PRODUCT_NAME = "$(TARGET_NAME)";
				SWIFT_EMIT_LOC_STRINGS = NO;
				SWIFT_VERSION = 5.0;
				TARGETED_DEVICE_FAMILY = "1,2";
				TEST_TARGET_NAME = IMDB;
			};
			name = Release;
		};
/* End XCBuildConfiguration section */

/* Begin XCConfigurationList section */
		D1E056E7274D6BDE0003D9DC /* Build configuration list for PBXProject "IMDB" */ = {
			isa = XCConfigurationList;
			buildConfigurations = (
				D1E0570E274D6BEA0003D9DC /* Debug */,
				D1E0570F274D6BEA0003D9DC /* Release */,
			);
			defaultConfigurationIsVisible = 0;
			defaultConfigurationName = Release;
		};
		D1E05710274D6BEA0003D9DC /* Build configuration list for PBXNativeTarget "IMDB" */ = {
			isa = XCConfigurationList;
			buildConfigurations = (
				D1E05711274D6BEA0003D9DC /* Debug */,
				D1E05712274D6BEA0003D9DC /* Release */,
			);
			defaultConfigurationIsVisible = 0;
			defaultConfigurationName = Release;
		};
		D1E05713274D6BEA0003D9DC /* Build configuration list for PBXNativeTarget "IMDBTests" */ = {
			isa = XCConfigurationList;
			buildConfigurations = (
				D1E05714274D6BEA0003D9DC /* Debug */,
				D1E05715274D6BEA0003D9DC /* Release */,
			);
			defaultConfigurationIsVisible = 0;
			defaultConfigurationName = Release;
		};
		D1E05716274D6BEA0003D9DC /* Build configuration list for PBXNativeTarget "IMDBUITests" */ = {
			isa = XCConfigurationList;
			buildConfigurations = (
				D1E05717274D6BEA0003D9DC /* Debug */,
				D1E05718274D6BEA0003D9DC /* Release */,
			);
			defaultConfigurationIsVisible = 0;
			defaultConfigurationName = Release;
		};
/* End XCConfigurationList section */
	};
	rootObject = D1E056E4274D6BDE0003D9DC /* Project object */;
}
